
Microsoft Visual Studio Solution File, Format Version 12.00
# Visual Studio Version 16
VisualStudioVersion = 16.0.29306.81
MinimumVisualStudioVersion = 10.0.40219.1
Project("{9A19103F-16F7-4668-BE54-9A1E7A4F7556}") = "PeopleSearch", "PeopleSearch\PeopleSearch.csproj", "{3618310B-23DD-4B7F-B952-0899962FC9A0}"
EndProject
Project("{FAE04EC0-301F-11D3-BF4B-00C04F79EFBC}") = "PeopleSearch.Tests", "PeopleSearch.Tests\PeopleSearch.Tests.csproj", "{7302ED79-CCA9-46F2-B339-091AA0AD4B94}"
EndProject
Global
	GlobalSection(SolutionConfigurationPlatforms) = preSolution
		Debug|Any CPU = Debug|Any CPU
		Release|Any CPU = Release|Any CPU
	EndGlobalSection
	GlobalSection(ProjectConfigurationPlatforms) = postSolution
		{3618310B-23DD-4B7F-B952-0899962FC9A0}.Debug|Any CPU.ActiveCfg = Debug|Any CPU
		{3618310B-23DD-4B7F-B952-0899962FC9A0}.Debug|Any CPU.Build.0 = Debug|Any CPU
		{3618310B-23DD-4B7F-B952-0899962FC9A0}.Release|Any CPU.ActiveCfg = Release|Any CPU
		{3618310B-23DD-4B7F-B952-0899962FC9A0}.Release|Any CPU.Build.0 = Release|Any CPU
		{7302ED79-CCA9-46F2-B339-091AA0AD4B94}.Debug|Any CPU.ActiveCfg = Debug|Any CPU
		{7302ED79-CCA9-46F2-B339-091AA0AD4B94}.Debug|Any CPU.Build.0 = Debug|Any CPU
		{7302ED79-CCA9-46F2-B339-091AA0AD4B94}.Release|Any CPU.ActiveCfg = Release|Any CPU
		{7302ED79-CCA9-46F2-B339-091AA0AD4B94}.Release|Any CPU.Build.0 = Release|Any CPU
	EndGlobalSection
	GlobalSection(SolutionProperties) = preSolution
		HideSolutionNode = FALSE
	EndGlobalSection
	GlobalSection(ExtensibilityGlobals) = postSolution
		SolutionGuid = {D08CD355-FDB6-416E-8FE7-38417C2E160E}
	EndGlobalSection
EndGlobal
